
Microsoft Visual Studio Solution File, Format Version 12.00
# Visual Studio Version 16
VisualStudioVersion = 16.0.29709.97
MinimumVisualStudioVersion = 10.0.40219.1
Project("{FAE04EC0-301F-11D3-BF4B-00C04F79EFBC}") = "ProjectEND", "ProjectEND\ProjectEND.csproj", "{770067B2-1C76-40A4-A585-EB028E40BB9D}"
EndProject
Global
	GlobalSection(SolutionConfigurationPlatforms) = preSolution
		Debug|Any CPU = Debug|Any CPU
		Release|Any CPU = Release|Any CPU
	EndGlobalSection
	GlobalSection(ProjectConfigurationPlatforms) = postSolution
		{770067B2-1C76-40A4-A585-EB028E40BB9D}.Debug|Any CPU.ActiveCfg = Debug|Any CPU
		{770067B2-1C76-40A4-A585-EB028E40BB9D}.Debug|Any CPU.Build.0 = Debug|Any CPU
		{770067B2-1C76-40A4-A585-EB028E40BB9D}.Release|Any CPU.ActiveCfg = Release|Any CPU
		{770067B2-1C76-40A4-A585-EB028E40BB9D}.Release|Any CPU.Build.0 = Release|Any CPU
	EndGlobalSection
	GlobalSection(SolutionProperties) = preSolution
		HideSolutionNode = FALSE
	EndGlobalSection
	GlobalSection(ExtensibilityGlobals) = postSolution
		SolutionGuid = {89F67DB3-DBCF-4325-AA95-4B5E6C37D8E3}
	EndGlobalSection
EndGlobal
